
Microsoft Visual Studio Solution File, Format Version 12.00
# Visual Studio Version 17
VisualStudioVersion = 17.5.33516.290
MinimumVisualStudioVersion = 10.0.40219.1
Project("{FAE04EC0-301F-11D3-BF4B-00C04F79EFBC}") = "LTSPphhyyInsects", "LTSPphhyyInsects.csproj", "{56C73ADD-3496-4AF6-BD74-D3C9662939B3}"
EndProject
Global
	GlobalSection(SolutionConfigurationPlatforms) = preSolution
		Debug|Any CPU = Debug|Any CPU
		Release|Any CPU = Release|Any CPU
	EndGlobalSection
	GlobalSection(ProjectConfigurationPlatforms) = postSolution
		{56C73ADD-3496-4AF6-BD74-D3C9662939B3}.Debug|Any CPU.ActiveCfg = Debug|Any CPU
		{56C73ADD-3496-4AF6-BD74-D3C9662939B3}.Debug|Any CPU.Build.0 = Debug|Any CPU
		{56C73ADD-3496-4AF6-BD74-D3C9662939B3}.Release|Any CPU.ActiveCfg = Release|Any CPU
		{56C73ADD-3496-4AF6-BD74-D3C9662939B3}.Release|Any CPU.Build.0 = Release|Any CPU
	EndGlobalSection
	GlobalSection(SolutionProperties) = preSolution
		HideSolutionNode = FALSE
	EndGlobalSection
	GlobalSection(ExtensibilityGlobals) = postSolution
		SolutionGuid = {294BD0F2-DE6F-4864-875D-51EE452C5AF8}
	EndGlobalSection
EndGlobal
